
Microsoft Visual Studio Solution File, Format Version 12.00
# Visual Studio Version 16
VisualStudioVersion = 16.0.33130.400
MinimumVisualStudioVersion = 10.0.40219.1
Project("{FAE04EC0-301F-11D3-BF4B-00C04F79EFBC}") = "TodoListWebApp", "TodoListWebApp\TodoListWebApp.csproj", "{46F1F42E-0F81-48AC-88FE-505CBEDC528D}"
EndProject
Global
	GlobalSection(SolutionConfigurationPlatforms) = preSolution
		Debug|Any CPU = Debug|Any CPU
		Release|Any CPU = Release|Any CPU
	EndGlobalSection
	GlobalSection(ProjectConfigurationPlatforms) = postSolution
		{46F1F42E-0F81-48AC-88FE-505CBEDC528D}.Debug|Any CPU.ActiveCfg = Debug|Any CPU
		{46F1F42E-0F81-48AC-88FE-505CBEDC528D}.Debug|Any CPU.Build.0 = Debug|Any CPU
		{46F1F42E-0F81-48AC-88FE-505CBEDC528D}.Release|Any CPU.ActiveCfg = Release|Any CPU
		{46F1F42E-0F81-48AC-88FE-505CBEDC528D}.Release|Any CPU.Build.0 = Release|Any CPU
	EndGlobalSection
	GlobalSection(SolutionProperties) = preSolution
		HideSolutionNode = FALSE
	EndGlobalSection
	GlobalSection(ExtensibilityGlobals) = postSolution
		SolutionGuid = {1F316647-6718-44B7-99C5-C30CD2F36FB0}
	EndGlobalSection
EndGlobal
